
Microsoft Visual Studio Solution File, Format Version 12.00
# Visual Studio Version 16
VisualStudioVersion = 16.0.29025.244
MinimumVisualStudioVersion = 10.0.40219.1
Project("{FAE04EC0-301F-11D3-BF4B-00C04F79EFBC}") = "ciclo forn", "ciclo forn\ciclo forn.csproj", "{F27519EC-1BCA-4D43-92D9-06C3718CB906}"
EndProject
Global
	GlobalSection(SolutionConfigurationPlatforms) = preSolution
		Debug|Any CPU = Debug|Any CPU
		Release|Any CPU = Release|Any CPU
	EndGlobalSection
	GlobalSection(ProjectConfigurationPlatforms) = postSolution
		{F27519EC-1BCA-4D43-92D9-06C3718CB906}.Debug|Any CPU.ActiveCfg = Debug|Any CPU
		{F27519EC-1BCA-4D43-92D9-06C3718CB906}.Debug|Any CPU.Build.0 = Debug|Any CPU
		{F27519EC-1BCA-4D43-92D9-06C3718CB906}.Release|Any CPU.ActiveCfg = Release|Any CPU
		{F27519EC-1BCA-4D43-92D9-06C3718CB906}.Release|Any CPU.Build.0 = Release|Any CPU
	EndGlobalSection
	GlobalSection(SolutionProperties) = preSolution
		HideSolutionNode = FALSE
	EndGlobalSection
	GlobalSection(ExtensibilityGlobals) = postSolution
		SolutionGuid = {2C34A6EB-96A4-40F9-803E-FD24C82D5EC1}
	EndGlobalSection
EndGlobal
